// !$*UTF8*$!
{
	archiveVersion = 1;
	classes = {
	};
	objectVersion = 56;
	objects = {

/* Begin PBXBuildFile section */
		027343C92A0EB6FF009CA27C /* AppDelegate.swift in Sources */ = {isa = PBXBuildFile; fileRef = 027343C82A0EB6FF009CA27C /* AppDelegate.swift */; };
		027343CB2A0EB6FF009CA27C /* SceneDelegate.swift in Sources */ = {isa = PBXBuildFile; fileRef = 027343CA2A0EB6FF009CA27C /* SceneDelegate.swift */; };
		027343CD2A0EB6FF009CA27C /* ViewController.swift in Sources */ = {isa = PBXBuildFile; fileRef = 027343CC2A0EB6FF009CA27C /* ViewController.swift */; };
		027343D02A0EB6FF009CA27C /* Main.storyboard in Resources */ = {isa = PBXBuildFile; fileRef = 027343CE2A0EB6FF009CA27C /* Main.storyboard */; };
		027343D22A0EB701009CA27C /* Assets.xcassets in Resources */ = {isa = PBXBuildFile; fileRef = 027343D12A0EB701009CA27C /* Assets.xcassets */; };
		027343D52A0EB701009CA27C /* LaunchScreen.storyboard in Resources */ = {isa = PBXBuildFile; fileRef = 027343D32A0EB701009CA27C /* LaunchScreen.storyboard */; };
		027343DE2A0EB757009CA27C /* NetworkManager.swift in Sources */ = {isa = PBXBuildFile; fileRef = 027343DD2A0EB757009CA27C /* NetworkManager.swift */; };
		027343E02A0EB75F009CA27C /* URLs.swift in Sources */ = {isa = PBXBuildFile; fileRef = 027343DF2A0EB75F009CA27C /* URLs.swift */; };
		027343E42A0EB796009CA27C /* Global.swift in Sources */ = {isa = PBXBuildFile; fileRef = 027343E32A0EB796009CA27C /* Global.swift */; };
		027343EB2A0EEC0B009CA27C /* Response.swift in Sources */ = {isa = PBXBuildFile; fileRef = 027343EA2A0EEC0B009CA27C /* Response.swift */; };
		027343EE2A0EF004009CA27C /* RootViewController.swift in Sources */ = {isa = PBXBuildFile; fileRef = 027343ED2A0EF004009CA27C /* RootViewController.swift */; };
		027343F02A0EF35D009CA27C /* MainInfoView.swift in Sources */ = {isa = PBXBuildFile; fileRef = 027343EF2A0EF35D009CA27C /* MainInfoView.swift */; };
		027343F22A0EF4AE009CA27C /* WeatherViewModel.swift in Sources */ = {isa = PBXBuildFile; fileRef = 027343F12A0EF4AE009CA27C /* WeatherViewModel.swift */; };
		027343F42A0EF58A009CA27C /* WeatherInfomation.swift in Sources */ = {isa = PBXBuildFile; fileRef = 027343F32A0EF58A009CA27C /* WeatherInfomation.swift */; };
		027343F62A0EF7DF009CA27C /* LocationService.swift in Sources */ = {isa = PBXBuildFile; fileRef = 027343F52A0EF7DF009CA27C /* LocationService.swift */; };
		027343FE2A0F01CC009CA27C /* ServiceTests.swift in Sources */ = {isa = PBXBuildFile; fileRef = 027343FD2A0F01CC009CA27C /* ServiceTests.swift */; };
		027344092A0F123A009CA27C /* Utils.swift in Sources */ = {isa = PBXBuildFile; fileRef = 027344082A0F123A009CA27C /* Utils.swift */; };
		0273440D2A0F188C009CA27C /* MockNetworkManager.swift in Sources */ = {isa = PBXBuildFile; fileRef = 0273440B2A0F188C009CA27C /* MockNetworkManager.swift */; };
		0273440E2A0F188C009CA27C /* MockLocationService.swift in Sources */ = {isa = PBXBuildFile; fileRef = 0273440C2A0F188C009CA27C /* MockLocationService.swift */; };
		027344162A0F50CA009CA27C /* WeatherIcon_JLUITests.swift in Sources */ = {isa = PBXBuildFile; fileRef = 027344152A0F50CA009CA27C /* WeatherIcon_JLUITests.swift */; };
		027344182A0F50CA009CA27C /* WeatherIcon_JLUITestsLaunchTests.swift in Sources */ = {isa = PBXBuildFile; fileRef = 027344172A0F50CA009CA27C /* WeatherIcon_JLUITestsLaunchTests.swift */; };
/* End PBXBuildFile section */

/* Begin PBXContainerItemProxy section */
		027343FF2A0F01CC009CA27C /* PBXContainerItemProxy */ = {
			isa = PBXContainerItemProxy;
			containerPortal = 027343BD2A0EB6FF009CA27C /* Project object */;
			proxyType = 1;
			remoteGlobalIDString = 027343C42A0EB6FF009CA27C;
			remoteInfo = WeatherIcon_JL;
		};
		027344192A0F50CA009CA27C /* PBXContainerItemProxy */ = {
			isa = PBXContainerItemProxy;
			containerPortal = 027343BD2A0EB6FF009CA27C /* Project object */;
			proxyType = 1;
			remoteGlobalIDString = 027343C42A0EB6FF009CA27C;
			remoteInfo = WeatherIcon_JL;
		};
/* End PBXContainerItemProxy section */

/* Begin PBXFileReference section */
		027343C52A0EB6FF009CA27C /* WeatherIcon_JL.app */ = {isa = PBXFileReference; explicitFileType = wrapper.application; includeInIndex = 0; path = WeatherIcon_JL.app; sourceTree = BUILT_PRODUCTS_DIR; };
		027343C82A0EB6FF009CA27C /* AppDelegate.swift */ = {isa = PBXFileReference; lastKnownFileType = sourcecode.swift; path = AppDelegate.swift; sourceTree = "<group>"; };
		027343CA2A0EB6FF009CA27C /* SceneDelegate.swift */ = {isa = PBXFileReference; lastKnownFileType = sourcecode.swift; path = SceneDelegate.swift; sourceTree = "<group>"; };
		027343CC2A0EB6FF009CA27C /* ViewController.swift */ = {isa = PBXFileReference; lastKnownFileType = sourcecode.swift; path = ViewController.swift; sourceTree = "<group>"; };
		027343CF2A0EB6FF009CA27C /* Base */ = {isa = PBXFileReference; lastKnownFileType = file.storyboard; name = Base; path = Base.lproj/Main.storyboard; sourceTree = "<group>"; };
		027343D12A0EB701009CA27C /* Assets.xcassets */ = {isa = PBXFileReference; lastKnownFileType = folder.assetcatalog; path = Assets.xcassets; sourceTree = "<group>"; };
		027343D42A0EB701009CA27C /* Base */ = {isa = PBXFileReference; lastKnownFileType = file.storyboard; name = Base; path = Base.lproj/LaunchScreen.storyboard; sourceTree = "<group>"; };
		027343D62A0EB701009CA27C /* Info.plist */ = {isa = PBXFileReference; lastKnownFileType = text.plist.xml; path = Info.plist; sourceTree = "<group>"; };
		027343DD2A0EB757009CA27C /* NetworkManager.swift */ = {isa = PBXFileReference; fileEncoding = 4; lastKnownFileType = sourcecode.swift; path = NetworkManager.swift; sourceTree = "<group>"; };
		027343DF2A0EB75F009CA27C /* URLs.swift */ = {isa = PBXFileReference; fileEncoding = 4; lastKnownFileType = sourcecode.swift; path = URLs.swift; sourceTree = "<group>"; };
		027343E32A0EB796009CA27C /* Global.swift */ = {isa = PBXFileReference; fileEncoding = 4; lastKnownFileType = sourcecode.swift; path = Global.swift; sourceTree = "<group>"; };
		027343EA2A0EEC0B009CA27C /* Response.swift */ = {isa = PBXFileReference; lastKnownFileType = sourcecode.swift; path = Response.swift; sourceTree = "<group>"; };
		027343ED2A0EF004009CA27C /* RootViewController.swift */ = {isa = PBXFileReference; lastKnownFileType = sourcecode.swift; path = RootViewController.swift; sourceTree = "<group>"; };
		027343EF2A0EF35D009CA27C /* MainInfoView.swift */ = {isa = PBXFileReference; lastKnownFileType = sourcecode.swift; path = MainInfoView.swift; sourceTree = "<group>"; };
		027343F12A0EF4AE009CA27C /* WeatherViewModel.swift */ = {isa = PBXFileReference; lastKnownFileType = sourcecode.swift; path = WeatherViewModel.swift; sourceTree = "<group>"; };
		027343F32A0EF58A009CA27C /* WeatherInfomation.swift */ = {isa = PBXFileReference; lastKnownFileType = sourcecode.swift; path = WeatherInfomation.swift; sourceTree = "<group>"; };
		027343F52A0EF7DF009CA27C /* LocationService.swift */ = {isa = PBXFileReference; lastKnownFileType = sourcecode.swift; path = LocationService.swift; sourceTree = "<group>"; };
		027343FB2A0F01CC009CA27C /* WeatherIcon_JLTests.xctest */ = {isa = PBXFileReference; explicitFileType = wrapper.cfbundle; includeInIndex = 0; path = WeatherIcon_JLTests.xctest; sourceTree = BUILT_PRODUCTS_DIR; };
		027343FD2A0F01CC009CA27C /* ServiceTests.swift */ = {isa = PBXFileReference; lastKnownFileType = sourcecode.swift; path = ServiceTests.swift; sourceTree = "<group>"; };
		027344082A0F123A009CA27C /* Utils.swift */ = {isa = PBXFileReference; lastKnownFileType = sourcecode.swift; path = Utils.swift; sourceTree = "<group>"; };
		0273440B2A0F188C009CA27C /* MockNetworkManager.swift */ = {isa = PBXFileReference; fileEncoding = 4; lastKnownFileType = sourcecode.swift; path = MockNetworkManager.swift; sourceTree = "<group>"; };
		0273440C2A0F188C009CA27C /* MockLocationService.swift */ = {isa = PBXFileReference; fileEncoding = 4; lastKnownFileType = sourcecode.swift; path = MockLocationService.swift; sourceTree = "<group>"; };
		027344132A0F50CA009CA27C /* WeatherIcon_JLUITests.xctest */ = {isa = PBXFileReference; explicitFileType = wrapper.cfbundle; includeInIndex = 0; path = WeatherIcon_JLUITests.xctest; sourceTree = BUILT_PRODUCTS_DIR; };
		027344152A0F50CA009CA27C /* WeatherIcon_JLUITests.swift */ = {isa = PBXFileReference; lastKnownFileType = sourcecode.swift; path = WeatherIcon_JLUITests.swift; sourceTree = "<group>"; };
		027344172A0F50CA009CA27C /* WeatherIcon_JLUITestsLaunchTests.swift */ = {isa = PBXFileReference; lastKnownFileType = sourcecode.swift; path = WeatherIcon_JLUITestsLaunchTests.swift; sourceTree = "<group>"; };
/* End PBXFileReference section */

/* Begin PBXFrameworksBuildPhase section */
		027343C22A0EB6FF009CA27C /* Frameworks */ = {
			isa = PBXFrameworksBuildPhase;
			buildActionMask = 2147483647;
			files = (
			);
			runOnlyForDeploymentPostprocessing = 0;
		};
		027343F82A0F01CC009CA27C /* Frameworks */ = {
			isa = PBXFrameworksBuildPhase;
			buildActionMask = 2147483647;
			files = (
			);
			runOnlyForDeploymentPostprocessing = 0;
		};
		027344102A0F50CA009CA27C /* Frameworks */ = {
			isa = PBXFrameworksBuildPhase;
			buildActionMask = 2147483647;
			files = (
			);
			runOnlyForDeploymentPostprocessing = 0;
		};
/* End PBXFrameworksBuildPhase section */

/* Begin PBXGroup section */
		027343BC2A0EB6FF009CA27C = {
			isa = PBXGroup;
			children = (
				027343C72A0EB6FF009CA27C /* WeatherIcon_JL */,
				027343FC2A0F01CC009CA27C /* WeatherIcon_JLTests */,
				027344142A0F50CA009CA27C /* WeatherIcon_JLUITests */,
				027343C62A0EB6FF009CA27C /* Products */,
			);
			sourceTree = "<group>";
		};
		027343C62A0EB6FF009CA27C /* Products */ = {
			isa = PBXGroup;
			children = (
				027343C52A0EB6FF009CA27C /* WeatherIcon_JL.app */,
				027343FB2A0F01CC009CA27C /* WeatherIcon_JLTests.xctest */,
				027344132A0F50CA009CA27C /* WeatherIcon_JLUITests.xctest */,
			);
			name = Products;
			sourceTree = "<group>";
		};
		027343C72A0EB6FF009CA27C /* WeatherIcon_JL */ = {
			isa = PBXGroup;
			children = (
				027343EC2A0EEFBF009CA27C /* Views */,
				027343E92A0EEBF9009CA27C /* Model */,
				027343E52A0EE563009CA27C /* Service */,
				027343E22A0EB788009CA27C /* Global */,
				027343E12A0EB77F009CA27C /* ViewModel */,
				027343C82A0EB6FF009CA27C /* AppDelegate.swift */,
				027343CA2A0EB6FF009CA27C /* SceneDelegate.swift */,
				027343CC2A0EB6FF009CA27C /* ViewController.swift */,
				027343CE2A0EB6FF009CA27C /* Main.storyboard */,
				027343D12A0EB701009CA27C /* Assets.xcassets */,
				027343D32A0EB701009CA27C /* LaunchScreen.storyboard */,
				027343D62A0EB701009CA27C /* Info.plist */,
			);
			path = WeatherIcon_JL;
			sourceTree = "<group>";
		};
		027343DC2A0EB745009CA27C /* Network */ = {
			isa = PBXGroup;
			children = (
				027343DD2A0EB757009CA27C /* NetworkManager.swift */,
				027343DF2A0EB75F009CA27C /* URLs.swift */,
			);
			path = Network;
			sourceTree = "<group>";
		};
		027343E12A0EB77F009CA27C /* ViewModel */ = {
			isa = PBXGroup;
			children = (
				027343F12A0EF4AE009CA27C /* WeatherViewModel.swift */,
			);
			path = ViewModel;
			sourceTree = "<group>";
		};
		027343E22A0EB788009CA27C /* Global */ = {
			isa = PBXGroup;
			children = (
				027343E32A0EB796009CA27C /* Global.swift */,
				027344082A0F123A009CA27C /* Utils.swift */,
			);
			path = Global;
			sourceTree = "<group>";
		};
		027343E52A0EE563009CA27C /* Service */ = {
			isa = PBXGroup;
			children = (
				0273440A2A0F151B009CA27C /* MockService */,
				027343DC2A0EB745009CA27C /* Network */,
				027343F52A0EF7DF009CA27C /* LocationService.swift */,
			);
			path = Service;
			sourceTree = "<group>";
		};
		027343E92A0EEBF9009CA27C /* Model */ = {
			isa = PBXGroup;
			children = (
				027343EA2A0EEC0B009CA27C /* Response.swift */,
				027343F32A0EF58A009CA27C /* WeatherInfomation.swift */,
			);
			path = Model;
			sourceTree = "<group>";
		};
		027343EC2A0EEFBF009CA27C /* Views */ = {
			isa = PBXGroup;
			children = (
				027343ED2A0EF004009CA27C /* RootViewController.swift */,
				027343EF2A0EF35D009CA27C /* MainInfoView.swift */,
			);
			path = Views;
			sourceTree = "<group>";
		};
		027343FC2A0F01CC009CA27C /* WeatherIcon_JLTests */ = {
			isa = PBXGroup;
			children = (
				027343FD2A0F01CC009CA27C /* ServiceTests.swift */,
			);
			path = WeatherIcon_JLTests;
			sourceTree = "<group>";
		};
		0273440A2A0F151B009CA27C /* MockService */ = {
			isa = PBXGroup;
			children = (
				0273440C2A0F188C009CA27C /* MockLocationService.swift */,
				0273440B2A0F188C009CA27C /* MockNetworkManager.swift */,
			);
			path = MockService;
			sourceTree = "<group>";
		};
		027344142A0F50CA009CA27C /* WeatherIcon_JLUITests */ = {
			isa = PBXGroup;
			children = (
				027344152A0F50CA009CA27C /* WeatherIcon_JLUITests.swift */,
				027344172A0F50CA009CA27C /* WeatherIcon_JLUITestsLaunchTests.swift */,
			);
			path = WeatherIcon_JLUITests;
			sourceTree = "<group>";
		};
/* End PBXGroup section */

/* Begin PBXNativeTarget section */
		027343C42A0EB6FF009CA27C /* WeatherIcon_JL */ = {
			isa = PBXNativeTarget;
			buildConfigurationList = 027343D92A0EB701009CA27C /* Build configuration list for PBXNativeTarget "WeatherIcon_JL" */;
			buildPhases = (
				027343C12A0EB6FF009CA27C /* Sources */,
				027343C22A0EB6FF009CA27C /* Frameworks */,
				027343C32A0EB6FF009CA27C /* Resources */,
			);
			buildRules = (
			);
			dependencies = (
			);
			name = WeatherIcon_JL;
			productName = WeatherIcon_JL;
			productReference = 027343C52A0EB6FF009CA27C /* WeatherIcon_JL.app */;
			productType = "com.apple.product-type.application";
		};
		027343FA2A0F01CC009CA27C /* WeatherIcon_JLTests */ = {
			isa = PBXNativeTarget;
			buildConfigurationList = 027344012A0F01CC009CA27C /* Build configuration list for PBXNativeTarget "WeatherIcon_JLTests" */;
			buildPhases = (
				027343F72A0F01CC009CA27C /* Sources */,
				027343F82A0F01CC009CA27C /* Frameworks */,
				027343F92A0F01CC009CA27C /* Resources */,
			);
			buildRules = (
			);
			dependencies = (
				027344002A0F01CC009CA27C /* PBXTargetDependency */,
			);
			name = WeatherIcon_JLTests;
			productName = WeatherIcon_JLTests;
			productReference = 027343FB2A0F01CC009CA27C /* WeatherIcon_JLTests.xctest */;
			productType = "com.apple.product-type.bundle.unit-test";
		};
		027344122A0F50CA009CA27C /* WeatherIcon_JLUITests */ = {
			isa = PBXNativeTarget;
			buildConfigurationList = 0273441B2A0F50CA009CA27C /* Build configuration list for PBXNativeTarget "WeatherIcon_JLUITests" */;
			buildPhases = (
				0273440F2A0F50CA009CA27C /* Sources */,
				027344102A0F50CA009CA27C /* Frameworks */,
				027344112A0F50CA009CA27C /* Resources */,
			);
			buildRules = (
			);
			dependencies = (
				0273441A2A0F50CA009CA27C /* PBXTargetDependency */,
			);
			name = WeatherIcon_JLUITests;
			productName = WeatherIcon_JLUITests;
			productReference = 027344132A0F50CA009CA27C /* WeatherIcon_JLUITests.xctest */;
			productType = "com.apple.product-type.bundle.ui-testing";
		};
/* End PBXNativeTarget section */

/* Begin PBXProject section */
		027343BD2A0EB6FF009CA27C /* Project object */ = {
			isa = PBXProject;
			attributes = {
				BuildIndependentTargetsInParallel = 1;
				LastSwiftUpdateCheck = 1420;
				LastUpgradeCheck = 1420;
				TargetAttributes = {
					027343C42A0EB6FF009CA27C = {
						CreatedOnToolsVersion = 14.2;
					};
					027343FA2A0F01CC009CA27C = {
						CreatedOnToolsVersion = 14.2;
						TestTargetID = 027343C42A0EB6FF009CA27C;
					};
					027344122A0F50CA009CA27C = {
						CreatedOnToolsVersion = 14.2;
						TestTargetID = 027343C42A0EB6FF009CA27C;
					};
				};
			};
			buildConfigurationList = 027343C02A0EB6FF009CA27C /* Build configuration list for PBXProject "WeatherIcon_JL" */;
			compatibilityVersion = "Xcode 14.0";
			developmentRegion = en;
			hasScannedForEncodings = 0;
			knownRegions = (
				en,
				Base,
			);
			mainGroup = 027343BC2A0EB6FF009CA27C;
			productRefGroup = 027343C62A0EB6FF009CA27C /* Products */;
			projectDirPath = "";
			projectRoot = "";
			targets = (
				027343C42A0EB6FF009CA27C /* WeatherIcon_JL */,
				027343FA2A0F01CC009CA27C /* WeatherIcon_JLTests */,
				027344122A0F50CA009CA27C /* WeatherIcon_JLUITests */,
			);
		};
/* End PBXProject section */

/* Begin PBXResourcesBuildPhase section */
		027343C32A0EB6FF009CA27C /* Resources */ = {
			isa = PBXResourcesBuildPhase;
			buildActionMask = 2147483647;
			files = (
				027343D52A0EB701009CA27C /* LaunchScreen.storyboard in Resources */,
				027343D22A0EB701009CA27C /* Assets.xcassets in Resources */,
				027343D02A0EB6FF009CA27C /* Main.storyboard in Resources */,
			);
			runOnlyForDeploymentPostprocessing = 0;
		};
		027343F92A0F01CC009CA27C /* Resources */ = {
			isa = PBXResourcesBuildPhase;
			buildActionMask = 2147483647;
			files = (
			);
			runOnlyForDeploymentPostprocessing = 0;
		};
		027344112A0F50CA009CA27C /* Resources */ = {
			isa = PBXResourcesBuildPhase;
			buildActionMask = 2147483647;
			files = (
			);
			runOnlyForDeploymentPostprocessing = 0;
		};
/* End PBXResourcesBuildPhase section */

/* Begin PBXSourcesBuildPhase section */
		027343C12A0EB6FF009CA27C /* Sources */ = {
			isa = PBXSourcesBuildPhase;
			buildActionMask = 2147483647;
			files = (
				027343EB2A0EEC0B009CA27C /* Response.swift in Sources */,
				027343E02A0EB75F009CA27C /* URLs.swift in Sources */,
				027343EE2A0EF004009CA27C /* RootViewController.swift in Sources */,
				027343F22A0EF4AE009CA27C /* WeatherViewModel.swift in Sources */,
				0273440D2A0F188C009CA27C /* MockNetworkManager.swift in Sources */,
				027343F02A0EF35D009CA27C /* MainInfoView.swift in Sources */,
				0273440E2A0F188C009CA27C /* MockLocationService.swift in Sources */,
				027344092A0F123A009CA27C /* Utils.swift in Sources */,
				027343DE2A0EB757009CA27C /* NetworkManager.swift in Sources */,
				027343F42A0EF58A009CA27C /* WeatherInfomation.swift in Sources */,
				027343E42A0EB796009CA27C /* Global.swift in Sources */,
				027343CD2A0EB6FF009CA27C /* ViewController.swift in Sources */,
				027343F62A0EF7DF009CA27C /* LocationService.swift in Sources */,
				027343C92A0EB6FF009CA27C /* AppDelegate.swift in Sources */,
				027343CB2A0EB6FF009CA27C /* SceneDelegate.swift in Sources */,
			);
			runOnlyForDeploymentPostprocessing = 0;
		};
		027343F72A0F01CC009CA27C /* Sources */ = {
			isa = PBXSourcesBuildPhase;
			buildActionMask = 2147483647;
			files = (
				027343FE2A0F01CC009CA27C /* ServiceTests.swift in Sources */,
			);
			runOnlyForDeploymentPostprocessing = 0;
		};
		0273440F2A0F50CA009CA27C /* Sources */ = {
			isa = PBXSourcesBuildPhase;
			buildActionMask = 2147483647;
			files = (
				027344182A0F50CA009CA27C /* WeatherIcon_JLUITestsLaunchTests.swift in Sources */,
				027344162A0F50CA009CA27C /* WeatherIcon_JLUITests.swift in Sources */,
			);
			runOnlyForDeploymentPostprocessing = 0;
		};
/* End PBXSourcesBuildPhase section */

/* Begin PBXTargetDependency section */
		027344002A0F01CC009CA27C /* PBXTargetDependency */ = {
			isa = PBXTargetDependency;
			target = 027343C42A0EB6FF009CA27C /* WeatherIcon_JL */;
			targetProxy = 027343FF2A0F01CC009CA27C /* PBXContainerItemProxy */;
		};
		0273441A2A0F50CA009CA27C /* PBXTargetDependency */ = {
			isa = PBXTargetDependency;
			target = 027343C42A0EB6FF009CA27C /* WeatherIcon_JL */;
			targetProxy = 027344192A0F50CA009CA27C /* PBXContainerItemProxy */;
		};
/* End PBXTargetDependency section */

/* Begin PBXVariantGroup section */
		027343CE2A0EB6FF009CA27C /* Main.storyboard */ = {
			isa = PBXVariantGroup;
			children = (
				027343CF2A0EB6FF009CA27C /* Base */,
			);
			name = Main.storyboard;
			sourceTree = "<group>";
		};
		027343D32A0EB701009CA27C /* LaunchScreen.storyboard */ = {
			isa = PBXVariantGroup;
			children = (
				027343D42A0EB701009CA27C /* Base */,
			);
			name = LaunchScreen.storyboard;
			sourceTree = "<group>";
		};
/* End PBXVariantGroup section */

/* Begin XCBuildConfiguration section */
		027343D72A0EB701009CA27C /* Debug */ = {
			isa = XCBuildConfiguration;
			buildSettings = {
				ALWAYS_SEARCH_USER_PATHS = NO;
				CLANG_ANALYZER_NONNULL = YES;
				CLANG_ANALYZER_NUMBER_OBJECT_CONVERSION = YES_AGGRESSIVE;
				CLANG_CXX_LANGUAGE_STANDARD = "gnu++20";
				CLANG_ENABLE_MODULES = YES;
				CLANG_ENABLE_OBJC_ARC = YES;
				CLANG_ENABLE_OBJC_WEAK = YES;
				CLANG_WARN_BLOCK_CAPTURE_AUTORELEASING = YES;
				CLANG_WARN_BOOL_CONVERSION = YES;
				CLANG_WARN_COMMA = YES;
				CLANG_WARN_CONSTANT_CONVERSION = YES;
				CLANG_WARN_DEPRECATED_OBJC_IMPLEMENTATIONS = YES;
				CLANG_WARN_DIRECT_OBJC_ISA_USAGE = YES_ERROR;
				CLANG_WARN_DOCUMENTATION_COMMENTS = YES;
				CLANG_WARN_EMPTY_BODY = YES;
				CLANG_WARN_ENUM_CONVERSION = YES;
				CLANG_WARN_INFINITE_RECURSION = YES;
				CLANG_WARN_INT_CONVERSION = YES;
				CLANG_WARN_NON_LITERAL_NULL_CONVERSION = YES;
				CLANG_WARN_OBJC_IMPLICIT_RETAIN_SELF = YES;
				CLANG_WARN_OBJC_LITERAL_CONVERSION = YES;
				CLANG_WARN_OBJC_ROOT_CLASS = YES_ERROR;
				CLANG_WARN_QUOTED_INCLUDE_IN_FRAMEWORK_HEADER = YES;
				CLANG_WARN_RANGE_LOOP_ANALYSIS = YES;
				CLANG_WARN_STRICT_PROTOTYPES = YES;
				CLANG_WARN_SUSPICIOUS_MOVE = YES;
				CLANG_WARN_UNGUARDED_AVAILABILITY = YES_AGGRESSIVE;
				CLANG_WARN_UNREACHABLE_CODE = YES;
				CLANG_WARN__DUPLICATE_METHOD_MATCH = YES;
				COPY_PHASE_STRIP = NO;
				DEBUG_INFORMATION_FORMAT = dwarf;
				ENABLE_STRICT_OBJC_MSGSEND = YES;
				ENABLE_TESTABILITY = YES;
				GCC_C_LANGUAGE_STANDARD = gnu11;
				GCC_DYNAMIC_NO_PIC = NO;
				GCC_NO_COMMON_BLOCKS = YES;
				GCC_OPTIMIZATION_LEVEL = 0;
				GCC_PREPROCESSOR_DEFINITIONS = (
					"DEBUG=1",
					"$(inherited)",
				);
				GCC_WARN_64_TO_32_BIT_CONVERSION = YES;
				GCC_WARN_ABOUT_RETURN_TYPE = YES_ERROR;
				GCC_WARN_UNDECLARED_SELECTOR = YES;
				GCC_WARN_UNINITIALIZED_AUTOS = YES_AGGRESSIVE;
				GCC_WARN_UNUSED_FUNCTION = YES;
				GCC_WARN_UNUSED_VARIABLE = YES;
				IPHONEOS_DEPLOYMENT_TARGET = 16.2;
				MTL_ENABLE_DEBUG_INFO = INCLUDE_SOURCE;
				MTL_FAST_MATH = YES;
				ONLY_ACTIVE_ARCH = YES;
				SDKROOT = iphoneos;
				SWIFT_ACTIVE_COMPILATION_CONDITIONS = DEBUG;
				SWIFT_OPTIMIZATION_LEVEL = "-Onone";
			};
			name = Debug;
		};
		027343D82A0EB701009CA27C /* Release */ = {
			isa = XCBuildConfiguration;
			buildSettings = {
				ALWAYS_SEARCH_USER_PATHS = NO;
				CLANG_ANALYZER_NONNULL = YES;
				CLANG_ANALYZER_NUMBER_OBJECT_CONVERSION = YES_AGGRESSIVE;
				CLANG_CXX_LANGUAGE_STANDARD = "gnu++20";
				CLANG_ENABLE_MODULES = YES;
				CLANG_ENABLE_OBJC_ARC = YES;
				CLANG_ENABLE_OBJC_WEAK = YES;
				CLANG_WARN_BLOCK_CAPTURE_AUTORELEASING = YES;
				CLANG_WARN_BOOL_CONVERSION = YES;
				CLANG_WARN_COMMA = YES;
				CLANG_WARN_CONSTANT_CONVERSION = YES;
				CLANG_WARN_DEPRECATED_OBJC_IMPLEMENTATIONS = YES;
				CLANG_WARN_DIRECT_OBJC_ISA_USAGE = YES_ERROR;
				CLANG_WARN_DOCUMENTATION_COMMENTS = YES;
				CLANG_WARN_EMPTY_BODY = YES;
				CLANG_WARN_ENUM_CONVERSION = YES;
				CLANG_WARN_INFINITE_RECURSION = YES;
				CLANG_WARN_INT_CONVERSION = YES;
				CLANG_WARN_NON_LITERAL_NULL_CONVERSION = YES;
				CLANG_WARN_OBJC_IMPLICIT_RETAIN_SELF = YES;
				CLANG_WARN_OBJC_LITERAL_CONVERSION = YES;
				CLANG_WARN_OBJC_ROOT_CLASS = YES_ERROR;
				CLANG_WARN_QUOTED_INCLUDE_IN_FRAMEWORK_HEADER = YES;
				CLANG_WARN_RANGE_LOOP_ANALYSIS = YES;
				CLANG_WARN_STRICT_PROTOTYPES = YES;
				CLANG_WARN_SUSPICIOUS_MOVE = YES;
				CLANG_WARN_UNGUARDED_AVAILABILITY = YES_AGGRESSIVE;
				CLANG_WARN_UNREACHABLE_CODE = YES;
				CLANG_WARN__DUPLICATE_METHOD_MATCH = YES;
				COPY_PHASE_STRIP = NO;
				DEBUG_INFORMATION_FORMAT = "dwarf-with-dsym";
				ENABLE_NS_ASSERTIONS = NO;
				ENABLE_STRICT_OBJC_MSGSEND = YES;
				GCC_C_LANGUAGE_STANDARD = gnu11;
				GCC_NO_COMMON_BLOCKS = YES;
				GCC_WARN_64_TO_32_BIT_CONVERSION = YES;
				GCC_WARN_ABOUT_RETURN_TYPE = YES_ERROR;
				GCC_WARN_UNDECLARED_SELECTOR = YES;
				GCC_WARN_UNINITIALIZED_AUTOS = YES_AGGRESSIVE;
				GCC_WARN_UNUSED_FUNCTION = YES;
				GCC_WARN_UNUSED_VARIABLE = YES;
				IPHONEOS_DEPLOYMENT_TARGET = 16.2;
				MTL_ENABLE_DEBUG_INFO = NO;
				MTL_FAST_MATH = YES;
				SDKROOT = iphoneos;
				SWIFT_COMPILATION_MODE = wholemodule;
				SWIFT_OPTIMIZATION_LEVEL = "-O";
				VALIDATE_PRODUCT = YES;
			};
			name = Release;
		};
		027343DA2A0EB701009CA27C /* Debug */ = {
			isa = XCBuildConfiguration;
			buildSettings = {
				ASSETCATALOG_COMPILER_APPICON_NAME = AppIcon;
				ASSETCATALOG_COMPILER_GLOBAL_ACCENT_COLOR_NAME = AccentColor;
				CODE_SIGN_STYLE = Automatic;
				CURRENT_PROJECT_VERSION = 1;
				GENERATE_INFOPLIST_FILE = YES;
				INFOPLIST_FILE = WeatherIcon_JL/Info.plist;
				INFOPLIST_KEY_UIApplicationSupportsIndirectInputEvents = YES;
				INFOPLIST_KEY_UILaunchStoryboardName = LaunchScreen;
				INFOPLIST_KEY_UIMainStoryboardFile = Main;
				INFOPLIST_KEY_UISupportedInterfaceOrientations_iPad = "UIInterfaceOrientationPortrait UIInterfaceOrientationPortraitUpsideDown UIInterfaceOrientationLandscapeLeft UIInterfaceOrientationLandscapeRight";
				INFOPLIST_KEY_UISupportedInterfaceOrientations_iPhone = "UIInterfaceOrientationPortrait UIInterfaceOrientationLandscapeLeft UIInterfaceOrientationLandscapeRight";
				LD_RUNPATH_SEARCH_PATHS = (
					"$(inherited)",
					"@executable_path/Frameworks",
				);
				MARKETING_VERSION = 1.0;
				PRODUCT_BUNDLE_IDENTIFIER = "jianli.com.british.p.WeatherIcon-JL";
				PRODUCT_NAME = "$(TARGET_NAME)";
				SWIFT_EMIT_LOC_STRINGS = YES;
				SWIFT_VERSION = 5.0;
				TARGETED_DEVICE_FAMILY = "1,2";
			};
			name = Debug;
		};
		027343DB2A0EB701009CA27C /* Release */ = {
			isa = XCBuildConfiguration;
			buildSettings = {
				ASSETCATALOG_COMPILER_APPICON_NAME = AppIcon;
				ASSETCATALOG_COMPILER_GLOBAL_ACCENT_COLOR_NAME = AccentColor;
				CODE_SIGN_STYLE = Automatic;
				CURRENT_PROJECT_VERSION = 1;
				GENERATE_INFOPLIST_FILE = YES;
				INFOPLIST_FILE = WeatherIcon_JL/Info.plist;
				INFOPLIST_KEY_UIApplicationSupportsIndirectInputEvents = YES;
				INFOPLIST_KEY_UILaunchStoryboardName = LaunchScreen;
				INFOPLIST_KEY_UIMainStoryboardFile = Main;
				INFOPLIST_KEY_UISupportedInterfaceOrientations_iPad = "UIInterfaceOrientationPortrait UIInterfaceOrientationPortraitUpsideDown UIInterfaceOrientationLandscapeLeft UIInterfaceOrientationLandscapeRight";
				INFOPLIST_KEY_UISupportedInterfaceOrientations_iPhone = "UIInterfaceOrientationPortrait UIInterfaceOrientationLandscapeLeft UIInterfaceOrientationLandscapeRight";
				LD_RUNPATH_SEARCH_PATHS = (
					"$(inherited)",
					"@executable_path/Frameworks",
				);
				MARKETING_VERSION = 1.0;
				PRODUCT_BUNDLE_IDENTIFIER = "jianli.com.british.p.WeatherIcon-JL";
				PRODUCT_NAME = "$(TARGET_NAME)";
				SWIFT_EMIT_LOC_STRINGS = YES;
				SWIFT_VERSION = 5.0;
				TARGETED_DEVICE_FAMILY = "1,2";
			};
			name = Release;
		};
		027344022A0F01CC009CA27C /* Debug */ = {
			isa = XCBuildConfiguration;
			buildSettings = {
				BUNDLE_LOADER = "$(TEST_HOST)";
				CODE_SIGN_STYLE = Automatic;
				CURRENT_PROJECT_VERSION = 1;
				GENERATE_INFOPLIST_FILE = YES;
				MARKETING_VERSION = 1.0;
				PRODUCT_BUNDLE_IDENTIFIER = "jianli.com.british.p.WeatherIcon-JLTests";
				PRODUCT_NAME = "$(TARGET_NAME)";
				SWIFT_EMIT_LOC_STRINGS = NO;
				SWIFT_VERSION = 5.0;
				TARGETED_DEVICE_FAMILY = "1,2";
				TEST_HOST = "$(BUILT_PRODUCTS_DIR)/WeatherIcon_JL.app/$(BUNDLE_EXECUTABLE_FOLDER_PATH)/WeatherIcon_JL";
			};
			name = Debug;
		};
		027344032A0F01CC009CA27C /* Release */ = {
			isa = XCBuildConfiguration;
			buildSettings = {
				BUNDLE_LOADER = "$(TEST_HOST)";
				CODE_SIGN_STYLE = Automatic;
				CURRENT_PROJECT_VERSION = 1;
				GENERATE_INFOPLIST_FILE = YES;
				MARKETING_VERSION = 1.0;
				PRODUCT_BUNDLE_IDENTIFIER = "jianli.com.british.p.WeatherIcon-JLTests";
				PRODUCT_NAME = "$(TARGET_NAME)";
				SWIFT_EMIT_LOC_STRINGS = NO;
				SWIFT_VERSION = 5.0;
				TARGETED_DEVICE_FAMILY = "1,2";
				TEST_HOST = "$(BUILT_PRODUCTS_DIR)/WeatherIcon_JL.app/$(BUNDLE_EXECUTABLE_FOLDER_PATH)/WeatherIcon_JL";
			};
			name = Release;
		};
		0273441C2A0F50CA009CA27C /* Debug */ = {
			isa = XCBuildConfiguration;
			buildSettings = {
				CODE_SIGN_STYLE = Automatic;
				CURRENT_PROJECT_VERSION = 1;
				GENERATE_INFOPLIST_FILE = YES;
				MARKETING_VERSION = 1.0;
				PRODUCT_BUNDLE_IDENTIFIER = "jianli.com.british.p.WeatherIcon-JLUITests";
				PRODUCT_NAME = "$(TARGET_NAME)";
				SWIFT_EMIT_LOC_STRINGS = NO;
				SWIFT_VERSION = 5.0;
				TARGETED_DEVICE_FAMILY = "1,2";
				TEST_TARGET_NAME = WeatherIcon_JL;
			};
			name = Debug;
		};
		0273441D2A0F50CA009CA27C /* Release */ = {
			isa = XCBuildConfiguration;
			buildSettings = {
				CODE_SIGN_STYLE = Automatic;
				CURRENT_PROJECT_VERSION = 1;
				GENERATE_INFOPLIST_FILE = YES;
				MARKETING_VERSION = 1.0;
				PRODUCT_BUNDLE_IDENTIFIER = "jianli.com.british.p.WeatherIcon-JLUITests";
				PRODUCT_NAME = "$(TARGET_NAME)";
				SWIFT_EMIT_LOC_STRINGS = NO;
				SWIFT_VERSION = 5.0;
				TARGETED_DEVICE_FAMILY = "1,2";
				TEST_TARGET_NAME = WeatherIcon_JL;
			};
			name = Release;
		};
/* End XCBuildConfiguration section */

/* Begin XCConfigurationList section */
		027343C02A0EB6FF009CA27C /* Build configuration list for PBXProject "WeatherIcon_JL" */ = {
			isa = XCConfigurationList;
			buildConfigurations = (
				027343D72A0EB701009CA27C /* Debug */,
				027343D82A0EB701009CA27C /* Release */,
			);
			defaultConfigurationIsVisible = 0;
			defaultConfigurationName = Release;
		};
		027343D92A0EB701009CA27C /* Build configuration list for PBXNativeTarget "WeatherIcon_JL" */ = {
			isa = XCConfigurationList;
			buildConfigurations = (
				027343DA2A0EB701009CA27C /* Debug */,
				027343DB2A0EB701009CA27C /* Release */,
			);
			defaultConfigurationIsVisible = 0;
			defaultConfigurationName = Release;
		};
		027344012A0F01CC009CA27C /* Build configuration list for PBXNativeTarget "WeatherIcon_JLTests" */ = {
			isa = XCConfigurationList;
			buildConfigurations = (
				027344022A0F01CC009CA27C /* Debug */,
				027344032A0F01CC009CA27C /* Release */,
			);
			defaultConfigurationIsVisible = 0;
			defaultConfigurationName = Release;
		};
		0273441B2A0F50CA009CA27C /* Build configuration list for PBXNativeTarget "WeatherIcon_JLUITests" */ = {
			isa = XCConfigurationList;
			buildConfigurations = (
				0273441C2A0F50CA009CA27C /* Debug */,
				0273441D2A0F50CA009CA27C /* Release */,
			);
			defaultConfigurationIsVisible = 0;
			defaultConfigurationName = Release;
		};
/* End XCConfigurationList section */
	};
	rootObject = 027343BD2A0EB6FF009CA27C /* Project object */;
}
